
Microsoft Visual Studio Solution File, Format Version 12.00
# Visual Studio Version 16
VisualStudioVersion = 16.0.33328.57
MinimumVisualStudioVersion = 10.0.40219.1
Project("{FAE04EC0-301F-11D3-BF4B-00C04F79EFBC}") = "Method", "Method\Method.csproj", "{4FD11E3D-AD7C-46D5-88E7-4C40F94549F4}"
EndProject
Project("{FAE04EC0-301F-11D3-BF4B-00C04F79EFBC}") = "Return", "Return\Return.csproj", "{C0712C49-CEE3-4FCA-9AC1-5D1384A97211}"
EndProject
Project("{FAE04EC0-301F-11D3-BF4B-00C04F79EFBC}") = "SwapByValue", "SwapByValue\SwapByValue.csproj", "{B24CFA28-B501-4D84-84C6-2EE503684B05}"
EndProject
Project("{FAE04EC0-301F-11D3-BF4B-00C04F79EFBC}") = "p195_ex2", "p195_ex2\p195_ex2.csproj", "{7F7A1CB0-4FD0-47F1-8336-E2BD334BFA25}"
EndProject
Project("{FAE04EC0-301F-11D3-BF4B-00C04F79EFBC}") = "SwapByRef", "SwapByRef\SwapByRef.csproj", "{2A357176-4764-4823-9ABE-06979281F7A1}"
EndProject
Project("{FAE04EC0-301F-11D3-BF4B-00C04F79EFBC}") = "RefReturn", "RefReturn\RefReturn.csproj", "{4DD76113-8FB9-4AF6-940E-30C09A8E72EA}"
EndProject
Project("{FAE04EC0-301F-11D3-BF4B-00C04F79EFBC}") = "UsingOut", "UsingOut\UsingOut.csproj", "{F32BE092-65A3-403E-B799-B5454B6BC284}"
EndProject
Project("{FAE04EC0-301F-11D3-BF4B-00C04F79EFBC}") = "Overloading", "Overloading\Overloading.csproj", "{47ABCC6D-9C76-40E0-A24F-B7110497F738}"
EndProject
Project("{FAE04EC0-301F-11D3-BF4B-00C04F79EFBC}") = "UsingParams", "UsingParams\UsingParams.csproj", "{29BCBE76-CDC6-472C-926D-EBAC6FFAE972}"
EndProject
Project("{FAE04EC0-301F-11D3-BF4B-00C04F79EFBC}") = "OptionalParameter", "OptionalParameter\OptionalParameter.csproj", "{E26CC75B-0D9D-4C8B-A596-D67A84116D73}"
EndProject
Project("{FAE04EC0-301F-11D3-BF4B-00C04F79EFBC}") = "LocalFunction", "LocalFunction\LocalFunction.csproj", "{E2D8414B-3233-40D7-BD88-136131CB93D9}"
EndProject
Project("{FAE04EC0-301F-11D3-BF4B-00C04F79EFBC}") = "KimGiBoem_ex1", "KimGiBoem_ex1\KimGiBoem_ex1.csproj", "{0877DAC7-87E7-4981-93CE-B35247EE7BC4}"
EndProject
Project("{FAE04EC0-301F-11D3-BF4B-00C04F79EFBC}") = "KimGiBoem_ex2", "KimGiBoem_ex2\KimGiBoem_ex2.csproj", "{5BF508D2-F031-4F35-A6F5-F2C8D1068FDE}"
EndProject
Global
	GlobalSection(SolutionConfigurationPlatforms) = preSolution
		Debug|Any CPU = Debug|Any CPU
		Release|Any CPU = Release|Any CPU
	EndGlobalSection
	GlobalSection(ProjectConfigurationPlatforms) = postSolution
		{4FD11E3D-AD7C-46D5-88E7-4C40F94549F4}.Debug|Any CPU.ActiveCfg = Debug|Any CPU
		{4FD11E3D-AD7C-46D5-88E7-4C40F94549F4}.Debug|Any CPU.Build.0 = Debug|Any CPU
		{4FD11E3D-AD7C-46D5-88E7-4C40F94549F4}.Release|Any CPU.ActiveCfg = Release|Any CPU
		{4FD11E3D-AD7C-46D5-88E7-4C40F94549F4}.Release|Any CPU.Build.0 = Release|Any CPU
		{C0712C49-CEE3-4FCA-9AC1-5D1384A97211}.Debug|Any CPU.ActiveCfg = Debug|Any CPU
		{C0712C49-CEE3-4FCA-9AC1-5D1384A97211}.Debug|Any CPU.Build.0 = Debug|Any CPU
		{C0712C49-CEE3-4FCA-9AC1-5D1384A97211}.Release|Any CPU.ActiveCfg = Release|Any CPU
		{C0712C49-CEE3-4FCA-9AC1-5D1384A97211}.Release|Any CPU.Build.0 = Release|Any CPU
		{B24CFA28-B501-4D84-84C6-2EE503684B05}.Debug|Any CPU.ActiveCfg = Debug|Any CPU
		{B24CFA28-B501-4D84-84C6-2EE503684B05}.Debug|Any CPU.Build.0 = Debug|Any CPU
		{B24CFA28-B501-4D84-84C6-2EE503684B05}.Release|Any CPU.ActiveCfg = Release|Any CPU
		{B24CFA28-B501-4D84-84C6-2EE503684B05}.Release|Any CPU.Build.0 = Release|Any CPU
		{7F7A1CB0-4FD0-47F1-8336-E2BD334BFA25}.Debug|Any CPU.ActiveCfg = Debug|Any CPU
		{7F7A1CB0-4FD0-47F1-8336-E2BD334BFA25}.Debug|Any CPU.Build.0 = Debug|Any CPU
		{7F7A1CB0-4FD0-47F1-8336-E2BD334BFA25}.Release|Any CPU.ActiveCfg = Release|Any CPU
		{7F7A1CB0-4FD0-47F1-8336-E2BD334BFA25}.Release|Any CPU.Build.0 = Release|Any CPU
		{2A357176-4764-4823-9ABE-06979281F7A1}.Debug|Any CPU.ActiveCfg = Debug|Any CPU
		{2A357176-4764-4823-9ABE-06979281F7A1}.Debug|Any CPU.Build.0 = Debug|Any CPU
		{2A357176-4764-4823-9ABE-06979281F7A1}.Release|Any CPU.ActiveCfg = Release|Any CPU
		{2A357176-4764-4823-9ABE-06979281F7A1}.Release|Any CPU.Build.0 = Release|Any CPU
		{4DD76113-8FB9-4AF6-940E-30C09A8E72EA}.Debug|Any CPU.ActiveCfg = Debug|Any CPU
		{4DD76113-8FB9-4AF6-940E-30C09A8E72EA}.Debug|Any CPU.Build.0 = Debug|Any CPU
		{4DD76113-8FB9-4AF6-940E-30C09A8E72EA}.Release|Any CPU.ActiveCfg = Release|Any CPU
		{4DD76113-8FB9-4AF6-940E-30C09A8E72EA}.Release|Any CPU.Build.0 = Release|Any CPU
		{F32BE092-65A3-403E-B799-B5454B6BC284}.Debug|Any CPU.ActiveCfg = Debug|Any CPU
		{F32BE092-65A3-403E-B799-B5454B6BC284}.Debug|Any CPU.Build.0 = Debug|Any CPU
		{F32BE092-65A3-403E-B799-B5454B6BC284}.Release|Any CPU.ActiveCfg = Release|Any CPU
		{F32BE092-65A3-403E-B799-B5454B6BC284}.Release|Any CPU.Build.0 = Release|Any CPU
		{47ABCC6D-9C76-40E0-A24F-B7110497F738}.Debug|Any CPU.ActiveCfg = Debug|Any CPU
		{47ABCC6D-9C76-40E0-A24F-B7110497F738}.Debug|Any CPU.Build.0 = Debug|Any CPU
		{47ABCC6D-9C76-40E0-A24F-B7110497F738}.Release|Any CPU.ActiveCfg = Release|Any CPU
		{47ABCC6D-9C76-40E0-A24F-B7110497F738}.Release|Any CPU.Build.0 = Release|Any CPU
		{29BCBE76-CDC6-472C-926D-EBAC6FFAE972}.Debug|Any CPU.ActiveCfg = Debug|Any CPU
		{29BCBE76-CDC6-472C-926D-EBAC6FFAE972}.Debug|Any CPU.Build.0 = Debug|Any CPU
		{29BCBE76-CDC6-472C-926D-EBAC6FFAE972}.Release|Any CPU.ActiveCfg = Release|Any CPU
		{29BCBE76-CDC6-472C-926D-EBAC6FFAE972}.Release|Any CPU.Build.0 = Release|Any CPU
		{E26CC75B-0D9D-4C8B-A596-D67A84116D73}.Debug|Any CPU.ActiveCfg = Debug|Any CPU
		{E26CC75B-0D9D-4C8B-A596-D67A84116D73}.Debug|Any CPU.Build.0 = Debug|Any CPU
		{E26CC75B-0D9D-4C8B-A596-D67A84116D73}.Release|Any CPU.ActiveCfg = Release|Any CPU
		{E26CC75B-0D9D-4C8B-A596-D67A84116D73}.Release|Any CPU.Build.0 = Release|Any CPU
		{E2D8414B-3233-40D7-BD88-136131CB93D9}.Debug|Any CPU.ActiveCfg = Debug|Any CPU
		{E2D8414B-3233-40D7-BD88-136131CB93D9}.Debug|Any CPU.Build.0 = Debug|Any CPU
		{E2D8414B-3233-40D7-BD88-136131CB93D9}.Release|Any CPU.ActiveCfg = Release|Any CPU
		{E2D8414B-3233-40D7-BD88-136131CB93D9}.Release|Any CPU.Build.0 = Release|Any CPU
		{0877DAC7-87E7-4981-93CE-B35247EE7BC4}.Debug|Any CPU.ActiveCfg = Debug|Any CPU
		{0877DAC7-87E7-4981-93CE-B35247EE7BC4}.Debug|Any CPU.Build.0 = Debug|Any CPU
		{0877DAC7-87E7-4981-93CE-B35247EE7BC4}.Release|Any CPU.ActiveCfg = Release|Any CPU
		{0877DAC7-87E7-4981-93CE-B35247EE7BC4}.Release|Any CPU.Build.0 = Release|Any CPU
		{5BF508D2-F031-4F35-A6F5-F2C8D1068FDE}.Debug|Any CPU.ActiveCfg = Debug|Any CPU
		{5BF508D2-F031-4F35-A6F5-F2C8D1068FDE}.Debug|Any CPU.Build.0 = Debug|Any CPU
		{5BF508D2-F031-4F35-A6F5-F2C8D1068FDE}.Release|Any CPU.ActiveCfg = Release|Any CPU
		{5BF508D2-F031-4F35-A6F5-F2C8D1068FDE}.Release|Any CPU.Build.0 = Release|Any CPU
	EndGlobalSection
	GlobalSection(SolutionProperties) = preSolution
		HideSolutionNode = FALSE
	EndGlobalSection
	GlobalSection(ExtensibilityGlobals) = postSolution
		SolutionGuid = {5662A892-FA84-4EF6-A445-6082FE981021}
	EndGlobalSection
EndGlobal
